
Microsoft Visual Studio Solution File, Format Version 12.00
# Visual Studio Version 17
VisualStudioVersion = 17.1.31903.286
MinimumVisualStudioVersion = 10.0.40219.1
Project("{9A19103F-16F7-4668-BE54-9A1E7A4F7556}") = "RandomArrayGenerator", "RandomArrayGenerator\RandomArrayGenerator.csproj", "{DE2CAF74-95E7-4A33-8913-8F1210733114}"
EndProject
Global
	GlobalSection(SolutionConfigurationPlatforms) = preSolution
		Debug|Any CPU = Debug|Any CPU
		Release|Any CPU = Release|Any CPU
	EndGlobalSection
	GlobalSection(ProjectConfigurationPlatforms) = postSolution
		{DE2CAF74-95E7-4A33-8913-8F1210733114}.Debug|Any CPU.ActiveCfg = Debug|Any CPU
		{DE2CAF74-95E7-4A33-8913-8F1210733114}.Debug|Any CPU.Build.0 = Debug|Any CPU
		{DE2CAF74-95E7-4A33-8913-8F1210733114}.Release|Any CPU.ActiveCfg = Release|Any CPU
		{DE2CAF74-95E7-4A33-8913-8F1210733114}.Release|Any CPU.Build.0 = Release|Any CPU
	EndGlobalSection
	GlobalSection(SolutionProperties) = preSolution
		HideSolutionNode = FALSE
	EndGlobalSection
	GlobalSection(ExtensibilityGlobals) = postSolution
		SolutionGuid = {E9C4BCFF-1CD8-48EC-A5EF-D6985BD5B30B}
	EndGlobalSection
EndGlobal
